
Microsoft Visual Studio Solution File, Format Version 12.00
# Visual Studio Version 17
VisualStudioVersion = 17.3.32922.545
MinimumVisualStudioVersion = 10.0.40219.1
Project("{FAE04EC0-301F-11D3-BF4B-00C04F79EFBC}") = "Beantage.CoffeeShopManagementSystem.Api", "Beantage.CoffeeShopManagementSystem.Api\Beantage.CoffeeShopManagementSystem.Api.csproj", "{811241DB-E240-46BD-BD06-7C8463711B12}"
EndProject
Project("{FAE04EC0-301F-11D3-BF4B-00C04F79EFBC}") = "Beantage.CoffeeShopManagementSystem.Domain", "Beantage.CoffeeShopManagementSystem.Domain\Beantage.CoffeeShopManagementSystem.Domain.csproj", "{B62442E4-AFFC-4AAE-9D12-05B61A1AAE99}"
EndProject
Project("{FAE04EC0-301F-11D3-BF4B-00C04F79EFBC}") = "Beantage.CoffeeShopManagementSystem.Application", "Beantage.CoffeeShopManagementSystem.Application\Beantage.CoffeeShopManagementSystem.Application.csproj", "{EA3BE1AD-51B3-4FBA-B207-4C1FAFFF0374}"
EndProject
Project("{FAE04EC0-301F-11D3-BF4B-00C04F79EFBC}") = "Beantage.CoffeeShopManagementSystem.Infrastructure", "Beantage.CoffeeShopManagementSystem.Infrastructure\Beantage.CoffeeShopManagementSystem.Infrastructure.csproj", "{AD244FFF-84D7-4BDE-9C3D-95F7648CDA66}"
EndProject
Project("{FAE04EC0-301F-11D3-BF4B-00C04F79EFBC}") = "Beantage.CoffeeShopManagementSystem.Frontend", "Beantage.CoffeeShopManagementSystem.Frontend\Beantage.CoffeeShopManagementSystem.Frontend.csproj", "{A4117F68-06EC-421A-BB57-7FCD58937C36}"
EndProject
Global
	GlobalSection(SolutionConfigurationPlatforms) = preSolution
		Debug|Any CPU = Debug|Any CPU
		Release|Any CPU = Release|Any CPU
	EndGlobalSection
	GlobalSection(ProjectConfigurationPlatforms) = postSolution
		{811241DB-E240-46BD-BD06-7C8463711B12}.Debug|Any CPU.ActiveCfg = Debug|Any CPU
		{811241DB-E240-46BD-BD06-7C8463711B12}.Debug|Any CPU.Build.0 = Debug|Any CPU
		{811241DB-E240-46BD-BD06-7C8463711B12}.Release|Any CPU.ActiveCfg = Release|Any CPU
		{811241DB-E240-46BD-BD06-7C8463711B12}.Release|Any CPU.Build.0 = Release|Any CPU
		{B62442E4-AFFC-4AAE-9D12-05B61A1AAE99}.Debug|Any CPU.ActiveCfg = Debug|Any CPU
		{B62442E4-AFFC-4AAE-9D12-05B61A1AAE99}.Debug|Any CPU.Build.0 = Debug|Any CPU
		{B62442E4-AFFC-4AAE-9D12-05B61A1AAE99}.Release|Any CPU.ActiveCfg = Release|Any CPU
		{B62442E4-AFFC-4AAE-9D12-05B61A1AAE99}.Release|Any CPU.Build.0 = Release|Any CPU
		{EA3BE1AD-51B3-4FBA-B207-4C1FAFFF0374}.Debug|Any CPU.ActiveCfg = Debug|Any CPU
		{EA3BE1AD-51B3-4FBA-B207-4C1FAFFF0374}.Debug|Any CPU.Build.0 = Debug|Any CPU
		{EA3BE1AD-51B3-4FBA-B207-4C1FAFFF0374}.Release|Any CPU.ActiveCfg = Release|Any CPU
		{EA3BE1AD-51B3-4FBA-B207-4C1FAFFF0374}.Release|Any CPU.Build.0 = Release|Any CPU
		{AD244FFF-84D7-4BDE-9C3D-95F7648CDA66}.Debug|Any CPU.ActiveCfg = Debug|Any CPU
		{AD244FFF-84D7-4BDE-9C3D-95F7648CDA66}.Debug|Any CPU.Build.0 = Debug|Any CPU
		{AD244FFF-84D7-4BDE-9C3D-95F7648CDA66}.Release|Any CPU.ActiveCfg = Release|Any CPU
		{AD244FFF-84D7-4BDE-9C3D-95F7648CDA66}.Release|Any CPU.Build.0 = Release|Any CPU
		{A4117F68-06EC-421A-BB57-7FCD58937C36}.Debug|Any CPU.ActiveCfg = Debug|Any CPU
		{A4117F68-06EC-421A-BB57-7FCD58937C36}.Debug|Any CPU.Build.0 = Debug|Any CPU
		{A4117F68-06EC-421A-BB57-7FCD58937C36}.Release|Any CPU.ActiveCfg = Release|Any CPU
		{A4117F68-06EC-421A-BB57-7FCD58937C36}.Release|Any CPU.Build.0 = Release|Any CPU
	EndGlobalSection
	GlobalSection(SolutionProperties) = preSolution
		HideSolutionNode = FALSE
	EndGlobalSection
	GlobalSection(ExtensibilityGlobals) = postSolution
		SolutionGuid = {F304962F-9A4F-4EFF-AB16-7823B752D353}
	EndGlobalSection
EndGlobal
